{
  "name": "acme-portal",
  "version": "0.1.0",
  "lockfileVersion": 3,
  "requires": true,
  "packages": {
    "": {
      "name": "acme-portal",
      "version": "0.1.0",
      "dependencies": {
        "@sprint-mode/sm-ui": "1.2.0",
        "react": "^19.0.0",
        "react-dom": "^19.0.0",
        "react-router-dom": "^7.0.0"
      }
    },
    "node_modules/@sprint-mode/sm-ui": {
      "version": "1.2.0",
      "resolved": "https://npm.pkg.github.com/download/@sprint-mode/sm-ui/1.2.0/fake",
      "integrity": "sha512-fakefakefakefakefakefakefakefakefakefakefakefakefakefakefakefakefakefakefake=="
    },
    "node_modules/react": {
      "version": "19.0.0"
    },
    "node_modules/react-dom": {
      "version": "19.0.0"
    },
    "node_modules/react-router-dom": {
      "version": "7.0.0"
    }
  }
}
